
Microsoft Visual Studio Solution File, Format Version 12.00
# Visual Studio Version 17
VisualStudioVersion = 17.0.31903.59
MinimumVisualStudioVersion = 10.0.40219.1
Project("{2150E333-8FDC-42A3-9474-1A3956D46DE8}") = "src", "src", "{827E0CD3-B72D-47B6-A68D-7590B98EB39B}"
EndProject
Project("{FAE04EC0-301F-11D3-BF4B-00C04F79EFBC}") = "GrpcNet.Api", "src\GrpcNet.Api\GrpcNet.Api.csproj", "{F35D931B-D765-4A27-87C2-77F44E472BCD}"
EndProject
Project("{FAE04EC0-301F-11D3-BF4B-00C04F79EFBC}") = "GrpcNet.Client", "src\GrpcNet.Client\GrpcNet.Client.csproj", "{D507DB99-507B-44AC-A47A-B179C51497B2}"
EndProject
Project("{FAE04EC0-301F-11D3-BF4B-00C04F79EFBC}") = "GrpcNet.Proto.Contracts", "src\GrpcNet.Proto\GrpcNet.Proto.Contracts.csproj", "{F1AA0950-4C12-44E5-847E-DF61EBA2960F}"
EndProject
Project("{FAE04EC0-301F-11D3-BF4B-00C04F79EFBC}") = "GrpcNet.Server", "src\GrpcNet.Server\GrpcNet.Server.csproj", "{82C5E3D5-97C4-4410-87BB-79E260DA1818}"
EndProject
Project("{FAE04EC0-301F-11D3-BF4B-00C04F79EFBC}") = "Ticket.Processor", "src\Ticket.Processor\Ticket.Processor.csproj", "{D650D21C-860B-4E5F-ABCF-2DAAF186078F}"
EndProject
Project("{2150E333-8FDC-42A3-9474-1A3956D46DE8}") = "GrpcNet.Aspire", "GrpcNet.Aspire", "{35B0C280-3C7B-47E2-D414-F85BE5956DE3}"
EndProject
Project("{FAE04EC0-301F-11D3-BF4B-00C04F79EFBC}") = "GrpcNet.Aspire.AppHost", "src\GrpcNet.Aspire\GrpcNet.Aspire.AppHost\GrpcNet.Aspire.AppHost.csproj", "{64D086AD-2C61-4E76-AEAB-569551FF32CB}"
EndProject
Project("{FAE04EC0-301F-11D3-BF4B-00C04F79EFBC}") = "GrpcNet.Aspire.ServiceDefaults", "src\GrpcNet.Aspire\GrpcNet.Aspire.ServiceDefaults\GrpcNet.Aspire.ServiceDefaults.csproj", "{0E3D5CCF-55A1-4740-A89F-5254A3A54B78}"
EndProject
Global
	GlobalSection(SolutionConfigurationPlatforms) = preSolution
		Debug|Any CPU = Debug|Any CPU
		Debug|x64 = Debug|x64
		Debug|x86 = Debug|x86
		Release|Any CPU = Release|Any CPU
		Release|x64 = Release|x64
		Release|x86 = Release|x86
	EndGlobalSection
	GlobalSection(ProjectConfigurationPlatforms) = postSolution
		{F35D931B-D765-4A27-87C2-77F44E472BCD}.Debug|Any CPU.ActiveCfg = Debug|Any CPU
		{F35D931B-D765-4A27-87C2-77F44E472BCD}.Debug|Any CPU.Build.0 = Debug|Any CPU
		{F35D931B-D765-4A27-87C2-77F44E472BCD}.Debug|x64.ActiveCfg = Debug|Any CPU
		{F35D931B-D765-4A27-87C2-77F44E472BCD}.Debug|x64.Build.0 = Debug|Any CPU
		{F35D931B-D765-4A27-87C2-77F44E472BCD}.Debug|x86.ActiveCfg = Debug|Any CPU
		{F35D931B-D765-4A27-87C2-77F44E472BCD}.Debug|x86.Build.0 = Debug|Any CPU
		{F35D931B-D765-4A27-87C2-77F44E472BCD}.Release|Any CPU.ActiveCfg = Release|Any CPU
		{F35D931B-D765-4A27-87C2-77F44E472BCD}.Release|Any CPU.Build.0 = Release|Any CPU
		{F35D931B-D765-4A27-87C2-77F44E472BCD}.Release|x64.ActiveCfg = Release|Any CPU
		{F35D931B-D765-4A27-87C2-77F44E472BCD}.Release|x64.Build.0 = Release|Any CPU
		{F35D931B-D765-4A27-87C2-77F44E472BCD}.Release|x86.ActiveCfg = Release|Any CPU
		{F35D931B-D765-4A27-87C2-77F44E472BCD}.Release|x86.Build.0 = Release|Any CPU
		{D507DB99-507B-44AC-A47A-B179C51497B2}.Debug|Any CPU.ActiveCfg = Debug|Any CPU
		{D507DB99-507B-44AC-A47A-B179C51497B2}.Debug|Any CPU.Build.0 = Debug|Any CPU
		{D507DB99-507B-44AC-A47A-B179C51497B2}.Debug|x64.ActiveCfg = Debug|Any CPU
		{D507DB99-507B-44AC-A47A-B179C51497B2}.Debug|x64.Build.0 = Debug|Any CPU
		{D507DB99-507B-44AC-A47A-B179C51497B2}.Debug|x86.ActiveCfg = Debug|Any CPU
		{D507DB99-507B-44AC-A47A-B179C51497B2}.Debug|x86.Build.0 = Debug|Any CPU
		{D507DB99-507B-44AC-A47A-B179C51497B2}.Release|Any CPU.ActiveCfg = Release|Any CPU
		{D507DB99-507B-44AC-A47A-B179C51497B2}.Release|Any CPU.Build.0 = Release|Any CPU
		{D507DB99-507B-44AC-A47A-B179C51497B2}.Release|x64.ActiveCfg = Release|Any CPU
		{D507DB99-507B-44AC-A47A-B179C51497B2}.Release|x64.Build.0 = Release|Any CPU
		{D507DB99-507B-44AC-A47A-B179C51497B2}.Release|x86.ActiveCfg = Release|Any CPU
		{D507DB99-507B-44AC-A47A-B179C51497B2}.Release|x86.Build.0 = Release|Any CPU
		{F1AA0950-4C12-44E5-847E-DF61EBA2960F}.Debug|Any CPU.ActiveCfg = Debug|Any CPU
		{F1AA0950-4C12-44E5-847E-DF61EBA2960F}.Debug|Any CPU.Build.0 = Debug|Any CPU
		{F1AA0950-4C12-44E5-847E-DF61EBA2960F}.Debug|x64.ActiveCfg = Debug|Any CPU
		{F1AA0950-4C12-44E5-847E-DF61EBA2960F}.Debug|x64.Build.0 = Debug|Any CPU
		{F1AA0950-4C12-44E5-847E-DF61EBA2960F}.Debug|x86.ActiveCfg = Debug|Any CPU
		{F1AA0950-4C12-44E5-847E-DF61EBA2960F}.Debug|x86.Build.0 = Debug|Any CPU
		{F1AA0950-4C12-44E5-847E-DF61EBA2960F}.Release|Any CPU.ActiveCfg = Release|Any CPU
		{F1AA0950-4C12-44E5-847E-DF61EBA2960F}.Release|Any CPU.Build.0 = Release|Any CPU
		{F1AA0950-4C12-44E5-847E-DF61EBA2960F}.Release|x64.ActiveCfg = Release|Any CPU
		{F1AA0950-4C12-44E5-847E-DF61EBA2960F}.Release|x64.Build.0 = Release|Any CPU
		{F1AA0950-4C12-44E5-847E-DF61EBA2960F}.Release|x86.ActiveCfg = Release|Any CPU
		{F1AA0950-4C12-44E5-847E-DF61EBA2960F}.Release|x86.Build.0 = Release|Any CPU
		{82C5E3D5-97C4-4410-87BB-79E260DA1818}.Debug|Any CPU.ActiveCfg = Debug|Any CPU
		{82C5E3D5-97C4-4410-87BB-79E260DA1818}.Debug|Any CPU.Build.0 = Debug|Any CPU
		{82C5E3D5-97C4-4410-87BB-79E260DA1818}.Debug|x64.ActiveCfg = Debug|Any CPU
		{82C5E3D5-97C4-4410-87BB-79E260DA1818}.Debug|x64.Build.0 = Debug|Any CPU
		{82C5E3D5-97C4-4410-87BB-79E260DA1818}.Debug|x86.ActiveCfg = Debug|Any CPU
		{82C5E3D5-97C4-4410-87BB-79E260DA1818}.Debug|x86.Build.0 = Debug|Any CPU
		{82C5E3D5-97C4-4410-87BB-79E260DA1818}.Release|Any CPU.ActiveCfg = Release|Any CPU
		{82C5E3D5-97C4-4410-87BB-79E260DA1818}.Release|Any CPU.Build.0 = Release|Any CPU
		{82C5E3D5-97C4-4410-87BB-79E260DA1818}.Release|x64.ActiveCfg = Release|Any CPU
		{82C5E3D5-97C4-4410-87BB-79E260DA1818}.Release|x64.Build.0 = Release|Any CPU
		{82C5E3D5-97C4-4410-87BB-79E260DA1818}.Release|x86.ActiveCfg = Release|Any CPU
		{82C5E3D5-97C4-4410-87BB-79E260DA1818}.Release|x86.Build.0 = Release|Any CPU
		{D650D21C-860B-4E5F-ABCF-2DAAF186078F}.Debug|Any CPU.ActiveCfg = Debug|Any CPU
		{D650D21C-860B-4E5F-ABCF-2DAAF186078F}.Debug|Any CPU.Build.0 = Debug|Any CPU
		{D650D21C-860B-4E5F-ABCF-2DAAF186078F}.Debug|x64.ActiveCfg = Debug|Any CPU
		{D650D21C-860B-4E5F-ABCF-2DAAF186078F}.Debug|x64.Build.0 = Debug|Any CPU
		{D650D21C-860B-4E5F-ABCF-2DAAF186078F}.Debug|x86.ActiveCfg = Debug|Any CPU
		{D650D21C-860B-4E5F-ABCF-2DAAF186078F}.Debug|x86.Build.0 = Debug|Any CPU
		{D650D21C-860B-4E5F-ABCF-2DAAF186078F}.Release|Any CPU.ActiveCfg = Release|Any CPU
		{D650D21C-860B-4E5F-ABCF-2DAAF186078F}.Release|Any CPU.Build.0 = Release|Any CPU
		{D650D21C-860B-4E5F-ABCF-2DAAF186078F}.Release|x64.ActiveCfg = Release|Any CPU
		{D650D21C-860B-4E5F-ABCF-2DAAF186078F}.Release|x64.Build.0 = Release|Any CPU
		{D650D21C-860B-4E5F-ABCF-2DAAF186078F}.Release|x86.ActiveCfg = Release|Any CPU
		{D650D21C-860B-4E5F-ABCF-2DAAF186078F}.Release|x86.Build.0 = Release|Any CPU
		{64D086AD-2C61-4E76-AEAB-569551FF32CB}.Debug|Any CPU.ActiveCfg = Debug|Any CPU
		{64D086AD-2C61-4E76-AEAB-569551FF32CB}.Debug|Any CPU.Build.0 = Debug|Any CPU
		{64D086AD-2C61-4E76-AEAB-569551FF32CB}.Debug|x64.ActiveCfg = Debug|Any CPU
		{64D086AD-2C61-4E76-AEAB-569551FF32CB}.Debug|x64.Build.0 = Debug|Any CPU
		{64D086AD-2C61-4E76-AEAB-569551FF32CB}.Debug|x86.ActiveCfg = Debug|Any CPU
		{64D086AD-2C61-4E76-AEAB-569551FF32CB}.Debug|x86.Build.0 = Debug|Any CPU
		{64D086AD-2C61-4E76-AEAB-569551FF32CB}.Release|Any CPU.ActiveCfg = Release|Any CPU
		{64D086AD-2C61-4E76-AEAB-569551FF32CB}.Release|Any CPU.Build.0 = Release|Any CPU
		{64D086AD-2C61-4E76-AEAB-569551FF32CB}.Release|x64.ActiveCfg = Release|Any CPU
		{64D086AD-2C61-4E76-AEAB-569551FF32CB}.Release|x64.Build.0 = Release|Any CPU
		{64D086AD-2C61-4E76-AEAB-569551FF32CB}.Release|x86.ActiveCfg = Release|Any CPU
		{64D086AD-2C61-4E76-AEAB-569551FF32CB}.Release|x86.Build.0 = Release|Any CPU
		{0E3D5CCF-55A1-4740-A89F-5254A3A54B78}.Debug|Any CPU.ActiveCfg = Debug|Any CPU
		{0E3D5CCF-55A1-4740-A89F-5254A3A54B78}.Debug|Any CPU.Build.0 = Debug|Any CPU
		{0E3D5CCF-55A1-4740-A89F-5254A3A54B78}.Debug|x64.ActiveCfg = Debug|Any CPU
		{0E3D5CCF-55A1-4740-A89F-5254A3A54B78}.Debug|x64.Build.0 = Debug|Any CPU
		{0E3D5CCF-55A1-4740-A89F-5254A3A54B78}.Debug|x86.ActiveCfg = Debug|Any CPU
		{0E3D5CCF-55A1-4740-A89F-5254A3A54B78}.Debug|x86.Build.0 = Debug|Any CPU
		{0E3D5CCF-55A1-4740-A89F-5254A3A54B78}.Release|Any CPU.ActiveCfg = Release|Any CPU
		{0E3D5CCF-55A1-4740-A89F-5254A3A54B78}.Release|Any CPU.Build.0 = Release|Any CPU
		{0E3D5CCF-55A1-4740-A89F-5254A3A54B78}.Release|x64.ActiveCfg = Release|Any CPU
		{0E3D5CCF-55A1-4740-A89F-5254A3A54B78}.Release|x64.Build.0 = Release|Any CPU
		{0E3D5CCF-55A1-4740-A89F-5254A3A54B78}.Release|x86.ActiveCfg = Release|Any CPU
		{0E3D5CCF-55A1-4740-A89F-5254A3A54B78}.Release|x86.Build.0 = Release|Any CPU
	EndGlobalSection
	GlobalSection(SolutionProperties) = preSolution
		HideSolutionNode = FALSE
	EndGlobalSection
	GlobalSection(NestedProjects) = preSolution
		{F35D931B-D765-4A27-87C2-77F44E472BCD} = {827E0CD3-B72D-47B6-A68D-7590B98EB39B}
		{D507DB99-507B-44AC-A47A-B179C51497B2} = {827E0CD3-B72D-47B6-A68D-7590B98EB39B}
		{F1AA0950-4C12-44E5-847E-DF61EBA2960F} = {827E0CD3-B72D-47B6-A68D-7590B98EB39B}
		{82C5E3D5-97C4-4410-87BB-79E260DA1818} = {827E0CD3-B72D-47B6-A68D-7590B98EB39B}
		{D650D21C-860B-4E5F-ABCF-2DAAF186078F} = {827E0CD3-B72D-47B6-A68D-7590B98EB39B}
		{35B0C280-3C7B-47E2-D414-F85BE5956DE3} = {827E0CD3-B72D-47B6-A68D-7590B98EB39B}
		{64D086AD-2C61-4E76-AEAB-569551FF32CB} = {35B0C280-3C7B-47E2-D414-F85BE5956DE3}
		{0E3D5CCF-55A1-4740-A89F-5254A3A54B78} = {35B0C280-3C7B-47E2-D414-F85BE5956DE3}
	EndGlobalSection
	GlobalSection(ExtensibilityGlobals) = postSolution
		SolutionGuid = {1688E2A8-65D4-4986-8420-3CD16AFCF0BA}
	EndGlobalSection
EndGlobal
